// !$*UTF8*$!
{
	archiveVersion = 1;
	classes = {
	};
	objectVersion = 56;
	objects = {

/* Begin PBXBuildFile section */
		8709A05C2B236C72002C258E /* AppDelegate.swift in Sources */ = {isa = PBXBuildFile; fileRef = 8709A05B2B236C72002C258E /* AppDelegate.swift */; };
		8709A05E2B236C72002C258E /* SceneDelegate.swift in Sources */ = {isa = PBXBuildFile; fileRef = 8709A05D2B236C72002C258E /* SceneDelegate.swift */; };
		8709A0602B236C72002C258E /* HomeViewController.swift in Sources */ = {isa = PBXBuildFile; fileRef = 8709A05F2B236C72002C258E /* HomeViewController.swift */; };
		8709A0632B236C72002C258E /* Main.storyboard in Resources */ = {isa = PBXBuildFile; fileRef = 8709A0612B236C72002C258E /* Main.storyboard */; };
		8709A0662B236C72002C258E /* DeusVino.xcdatamodeld in Sources */ = {isa = PBXBuildFile; fileRef = 8709A0642B236C72002C258E /* DeusVino.xcdatamodeld */; };
		8709A0682B236C74002C258E /* Assets.xcassets in Resources */ = {isa = PBXBuildFile; fileRef = 8709A0672B236C74002C258E /* Assets.xcassets */; };
		8709A06B2B236C74002C258E /* LaunchScreen.storyboard in Resources */ = {isa = PBXBuildFile; fileRef = 8709A0692B236C74002C258E /* LaunchScreen.storyboard */; };
		8709A0762B236C75002C258E /* DeusVinoTests.swift in Sources */ = {isa = PBXBuildFile; fileRef = 8709A0752B236C75002C258E /* DeusVinoTests.swift */; };
		8709A0802B236C75002C258E /* DeusVinoUITests.swift in Sources */ = {isa = PBXBuildFile; fileRef = 8709A07F2B236C75002C258E /* DeusVinoUITests.swift */; };
		8709A0822B236C75002C258E /* DeusVinoUITestsLaunchTests.swift in Sources */ = {isa = PBXBuildFile; fileRef = 8709A0812B236C75002C258E /* DeusVinoUITestsLaunchTests.swift */; };
		87A758CC2B244DB000CEC20C /* links.swift in Sources */ = {isa = PBXBuildFile; fileRef = 87A758CB2B244DB000CEC20C /* links.swift */; };
		87A758CE2B24583A00CEC20C /* CellarViewController.swift in Sources */ = {isa = PBXBuildFile; fileRef = 87A758CD2B24583A00CEC20C /* CellarViewController.swift */; };
/* End PBXBuildFile section */

/* Begin PBXContainerItemProxy section */
		8709A0722B236C75002C258E /* PBXContainerItemProxy */ = {
			isa = PBXContainerItemProxy;
			containerPortal = 8709A0502B236C72002C258E /* Project object */;
			proxyType = 1;
			remoteGlobalIDString = 8709A0572B236C72002C258E;
			remoteInfo = DeusVino;
		};
		8709A07C2B236C75002C258E /* PBXContainerItemProxy */ = {
			isa = PBXContainerItemProxy;
			containerPortal = 8709A0502B236C72002C258E /* Project object */;
			proxyType = 1;
			remoteGlobalIDString = 8709A0572B236C72002C258E;
			remoteInfo = DeusVino;
		};
/* End PBXContainerItemProxy section */

/* Begin PBXFileReference section */
		8709A0582B236C72002C258E /* DeusVino.app */ = {isa = PBXFileReference; explicitFileType = wrapper.application; includeInIndex = 0; path = DeusVino.app; sourceTree = BUILT_PRODUCTS_DIR; };
		8709A05B2B236C72002C258E /* AppDelegate.swift */ = {isa = PBXFileReference; lastKnownFileType = sourcecode.swift; path = AppDelegate.swift; sourceTree = "<group>"; };
		8709A05D2B236C72002C258E /* SceneDelegate.swift */ = {isa = PBXFileReference; lastKnownFileType = sourcecode.swift; path = SceneDelegate.swift; sourceTree = "<group>"; };
		8709A05F2B236C72002C258E /* HomeViewController.swift */ = {isa = PBXFileReference; lastKnownFileType = sourcecode.swift; path = HomeViewController.swift; sourceTree = "<group>"; };
		8709A0622B236C72002C258E /* Base */ = {isa = PBXFileReference; lastKnownFileType = file.storyboard; name = Base; path = Base.lproj/Main.storyboard; sourceTree = "<group>"; };
		8709A0652B236C72002C258E /* DeusVino.xcdatamodel */ = {isa = PBXFileReference; lastKnownFileType = wrapper.xcdatamodel; path = DeusVino.xcdatamodel; sourceTree = "<group>"; };
		8709A0672B236C74002C258E /* Assets.xcassets */ = {isa = PBXFileReference; lastKnownFileType = folder.assetcatalog; path = Assets.xcassets; sourceTree = "<group>"; };
		8709A06A2B236C74002C258E /* Base */ = {isa = PBXFileReference; lastKnownFileType = file.storyboard; name = Base; path = Base.lproj/LaunchScreen.storyboard; sourceTree = "<group>"; };
		8709A06C2B236C74002C258E /* Info.plist */ = {isa = PBXFileReference; lastKnownFileType = text.plist.xml; path = Info.plist; sourceTree = "<group>"; };
		8709A0712B236C75002C258E /* DeusVinoTests.xctest */ = {isa = PBXFileReference; explicitFileType = wrapper.cfbundle; includeInIndex = 0; path = DeusVinoTests.xctest; sourceTree = BUILT_PRODUCTS_DIR; };
		8709A0752B236C75002C258E /* DeusVinoTests.swift */ = {isa = PBXFileReference; lastKnownFileType = sourcecode.swift; path = DeusVinoTests.swift; sourceTree = "<group>"; };
		8709A07B2B236C75002C258E /* DeusVinoUITests.xctest */ = {isa = PBXFileReference; explicitFileType = wrapper.cfbundle; includeInIndex = 0; path = DeusVinoUITests.xctest; sourceTree = BUILT_PRODUCTS_DIR; };
		8709A07F2B236C75002C258E /* DeusVinoUITests.swift */ = {isa = PBXFileReference; lastKnownFileType = sourcecode.swift; path = DeusVinoUITests.swift; sourceTree = "<group>"; };
		8709A0812B236C75002C258E /* DeusVinoUITestsLaunchTests.swift */ = {isa = PBXFileReference; lastKnownFileType = sourcecode.swift; path = DeusVinoUITestsLaunchTests.swift; sourceTree = "<group>"; };
		87A758CB2B244DB000CEC20C /* links.swift */ = {isa = PBXFileReference; lastKnownFileType = sourcecode.swift; path = links.swift; sourceTree = "<group>"; };
		87A758CD2B24583A00CEC20C /* CellarViewController.swift */ = {isa = PBXFileReference; lastKnownFileType = sourcecode.swift; path = CellarViewController.swift; sourceTree = "<group>"; };
/* End PBXFileReference section */

/* Begin PBXFrameworksBuildPhase section */
		8709A0552B236C72002C258E /* Frameworks */ = {
			isa = PBXFrameworksBuildPhase;
			buildActionMask = 2147483647;
			files = (
			);
			runOnlyForDeploymentPostprocessing = 0;
		};
		8709A06E2B236C75002C258E /* Frameworks */ = {
			isa = PBXFrameworksBuildPhase;
			buildActionMask = 2147483647;
			files = (
			);
			runOnlyForDeploymentPostprocessing = 0;
		};
		8709A0782B236C75002C258E /* Frameworks */ = {
			isa = PBXFrameworksBuildPhase;
			buildActionMask = 2147483647;
			files = (
			);
			runOnlyForDeploymentPostprocessing = 0;
		};
/* End PBXFrameworksBuildPhase section */

/* Begin PBXGroup section */
		8709A04F2B236C72002C258E = {
			isa = PBXGroup;
			children = (
				8709A05A2B236C72002C258E /* DeusVino */,
				8709A0742B236C75002C258E /* DeusVinoTests */,
				8709A07E2B236C75002C258E /* DeusVinoUITests */,
				8709A0592B236C72002C258E /* Products */,
			);
			sourceTree = "<group>";
		};
		8709A0592B236C72002C258E /* Products */ = {
			isa = PBXGroup;
			children = (
				8709A0582B236C72002C258E /* DeusVino.app */,
				8709A0712B236C75002C258E /* DeusVinoTests.xctest */,
				8709A07B2B236C75002C258E /* DeusVinoUITests.xctest */,
			);
			name = Products;
			sourceTree = "<group>";
		};
		8709A05A2B236C72002C258E /* DeusVino */ = {
			isa = PBXGroup;
			children = (
				878BD8CA2B23716D00A041E4 /* Utilities */,
				878BD8C92B23715800A041E4 /* Controller */,
				878BD8C82B23714D00A041E4 /* View */,
				878BD8C72B23714400A041E4 /* Model */,
				8709A05B2B236C72002C258E /* AppDelegate.swift */,
				8709A05D2B236C72002C258E /* SceneDelegate.swift */,
				8709A06C2B236C74002C258E /* Info.plist */,
				8709A0642B236C72002C258E /* DeusVino.xcdatamodeld */,
			);
			path = DeusVino;
			sourceTree = "<group>";
		};
		8709A0742B236C75002C258E /* DeusVinoTests */ = {
			isa = PBXGroup;
			children = (
				8709A0752B236C75002C258E /* DeusVinoTests.swift */,
			);
			path = DeusVinoTests;
			sourceTree = "<group>";
		};
		8709A07E2B236C75002C258E /* DeusVinoUITests */ = {
			isa = PBXGroup;
			children = (
				8709A07F2B236C75002C258E /* DeusVinoUITests.swift */,
				8709A0812B236C75002C258E /* DeusVinoUITestsLaunchTests.swift */,
			);
			path = DeusVinoUITests;
			sourceTree = "<group>";
		};
		878BD8C72B23714400A041E4 /* Model */ = {
			isa = PBXGroup;
			children = (
			);
			path = Model;
			sourceTree = "<group>";
		};
		878BD8C82B23714D00A041E4 /* View */ = {
			isa = PBXGroup;
			children = (
				8709A0612B236C72002C258E /* Main.storyboard */,
				8709A0692B236C74002C258E /* LaunchScreen.storyboard */,
			);
			path = View;
			sourceTree = "<group>";
		};
		878BD8C92B23715800A041E4 /* Controller */ = {
			isa = PBXGroup;
			children = (
				8709A05F2B236C72002C258E /* HomeViewController.swift */,
				87A758CD2B24583A00CEC20C /* CellarViewController.swift */,
			);
			path = Controller;
			sourceTree = "<group>";
		};
		878BD8CA2B23716D00A041E4 /* Utilities */ = {
			isa = PBXGroup;
			children = (
				8709A0672B236C74002C258E /* Assets.xcassets */,
				87A758CB2B244DB000CEC20C /* links.swift */,
			);
			path = Utilities;
			sourceTree = "<group>";
		};
/* End PBXGroup section */

/* Begin PBXNativeTarget section */
		8709A0572B236C72002C258E /* DeusVino */ = {
			isa = PBXNativeTarget;
			buildConfigurationList = 8709A0852B236C75002C258E /* Build configuration list for PBXNativeTarget "DeusVino" */;
			buildPhases = (
				8709A0542B236C72002C258E /* Sources */,
				8709A0552B236C72002C258E /* Frameworks */,
				8709A0562B236C72002C258E /* Resources */,
			);
			buildRules = (
			);
			dependencies = (
			);
			name = DeusVino;
			productName = DeusVino;
			productReference = 8709A0582B236C72002C258E /* DeusVino.app */;
			productType = "com.apple.product-type.application";
		};
		8709A0702B236C75002C258E /* DeusVinoTests */ = {
			isa = PBXNativeTarget;
			buildConfigurationList = 8709A0882B236C75002C258E /* Build configuration list for PBXNativeTarget "DeusVinoTests" */;
			buildPhases = (
				8709A06D2B236C75002C258E /* Sources */,
				8709A06E2B236C75002C258E /* Frameworks */,
				8709A06F2B236C75002C258E /* Resources */,
			);
			buildRules = (
			);
			dependencies = (
				8709A0732B236C75002C258E /* PBXTargetDependency */,
			);
			name = DeusVinoTests;
			productName = DeusVinoTests;
			productReference = 8709A0712B236C75002C258E /* DeusVinoTests.xctest */;
			productType = "com.apple.product-type.bundle.unit-test";
		};
		8709A07A2B236C75002C258E /* DeusVinoUITests */ = {
			isa = PBXNativeTarget;
			buildConfigurationList = 8709A08B2B236C75002C258E /* Build configuration list for PBXNativeTarget "DeusVinoUITests" */;
			buildPhases = (
				8709A0772B236C75002C258E /* Sources */,
				8709A0782B236C75002C258E /* Frameworks */,
				8709A0792B236C75002C258E /* Resources */,
			);
			buildRules = (
			);
			dependencies = (
				8709A07D2B236C75002C258E /* PBXTargetDependency */,
			);
			name = DeusVinoUITests;
			productName = DeusVinoUITests;
			productReference = 8709A07B2B236C75002C258E /* DeusVinoUITests.xctest */;
			productType = "com.apple.product-type.bundle.ui-testing";
		};
/* End PBXNativeTarget section */

/* Begin PBXProject section */
		8709A0502B236C72002C258E /* Project object */ = {
			isa = PBXProject;
			attributes = {
				BuildIndependentTargetsInParallel = 1;
				LastSwiftUpdateCheck = 1500;
				LastUpgradeCheck = 1500;
				TargetAttributes = {
					8709A0572B236C72002C258E = {
						CreatedOnToolsVersion = 15.0.1;
					};
					8709A0702B236C75002C258E = {
						CreatedOnToolsVersion = 15.0.1;
						TestTargetID = 8709A0572B236C72002C258E;
					};
					8709A07A2B236C75002C258E = {
						CreatedOnToolsVersion = 15.0.1;
						TestTargetID = 8709A0572B236C72002C258E;
					};
				};
			};
			buildConfigurationList = 8709A0532B236C72002C258E /* Build configuration list for PBXProject "DeusVino" */;
			compatibilityVersion = "Xcode 14.0";
			developmentRegion = en;
			hasScannedForEncodings = 0;
			knownRegions = (
				en,
				Base,
			);
			mainGroup = 8709A04F2B236C72002C258E;
			productRefGroup = 8709A0592B236C72002C258E /* Products */;
			projectDirPath = "";
			projectRoot = "";
			targets = (
				8709A0572B236C72002C258E /* DeusVino */,
				8709A0702B236C75002C258E /* DeusVinoTests */,
				8709A07A2B236C75002C258E /* DeusVinoUITests */,
			);
		};
/* End PBXProject section */

/* Begin PBXResourcesBuildPhase section */
		8709A0562B236C72002C258E /* Resources */ = {
			isa = PBXResourcesBuildPhase;
			buildActionMask = 2147483647;
			files = (
				8709A06B2B236C74002C258E /* LaunchScreen.storyboard in Resources */,
				8709A0682B236C74002C258E /* Assets.xcassets in Resources */,
				8709A0632B236C72002C258E /* Main.storyboard in Resources */,
			);
			runOnlyForDeploymentPostprocessing = 0;
		};
		8709A06F2B236C75002C258E /* Resources */ = {
			isa = PBXResourcesBuildPhase;
			buildActionMask = 2147483647;
			files = (
			);
			runOnlyForDeploymentPostprocessing = 0;
		};
		8709A0792B236C75002C258E /* Resources */ = {
			isa = PBXResourcesBuildPhase;
			buildActionMask = 2147483647;
			files = (
			);
			runOnlyForDeploymentPostprocessing = 0;
		};
/* End PBXResourcesBuildPhase section */

/* Begin PBXSourcesBuildPhase section */
		8709A0542B236C72002C258E /* Sources */ = {
			isa = PBXSourcesBuildPhase;
			buildActionMask = 2147483647;
			files = (
				87A758CC2B244DB000CEC20C /* links.swift in Sources */,
				8709A0602B236C72002C258E /* HomeViewController.swift in Sources */,
				8709A05C2B236C72002C258E /* AppDelegate.swift in Sources */,
				8709A0662B236C72002C258E /* DeusVino.xcdatamodeld in Sources */,
				8709A05E2B236C72002C258E /* SceneDelegate.swift in Sources */,
				87A758CE2B24583A00CEC20C /* CellarViewController.swift in Sources */,
			);
			runOnlyForDeploymentPostprocessing = 0;
		};
		8709A06D2B236C75002C258E /* Sources */ = {
			isa = PBXSourcesBuildPhase;
			buildActionMask = 2147483647;
			files = (
				8709A0762B236C75002C258E /* DeusVinoTests.swift in Sources */,
			);
			runOnlyForDeploymentPostprocessing = 0;
		};
		8709A0772B236C75002C258E /* Sources */ = {
			isa = PBXSourcesBuildPhase;
			buildActionMask = 2147483647;
			files = (
				8709A0822B236C75002C258E /* DeusVinoUITestsLaunchTests.swift in Sources */,
				8709A0802B236C75002C258E /* DeusVinoUITests.swift in Sources */,
			);
			runOnlyForDeploymentPostprocessing = 0;
		};
/* End PBXSourcesBuildPhase section */

/* Begin PBXTargetDependency section */
		8709A0732B236C75002C258E /* PBXTargetDependency */ = {
			isa = PBXTargetDependency;
			target = 8709A0572B236C72002C258E /* DeusVino */;
			targetProxy = 8709A0722B236C75002C258E /* PBXContainerItemProxy */;
		};
		8709A07D2B236C75002C258E /* PBXTargetDependency */ = {
			isa = PBXTargetDependency;
			target = 8709A0572B236C72002C258E /* DeusVino */;
			targetProxy = 8709A07C2B236C75002C258E /* PBXContainerItemProxy */;
		};
/* End PBXTargetDependency section */

/* Begin PBXVariantGroup section */
		8709A0612B236C72002C258E /* Main.storyboard */ = {
			isa = PBXVariantGroup;
			children = (
				8709A0622B236C72002C258E /* Base */,
			);
			name = Main.storyboard;
			sourceTree = "<group>";
		};
		8709A0692B236C74002C258E /* LaunchScreen.storyboard */ = {
			isa = PBXVariantGroup;
			children = (
				8709A06A2B236C74002C258E /* Base */,
			);
			name = LaunchScreen.storyboard;
			sourceTree = "<group>";
		};
/* End PBXVariantGroup section */

/* Begin XCBuildConfiguration section */
		8709A0832B236C75002C258E /* Debug */ = {
			isa = XCBuildConfiguration;
			buildSettings = {
				ALWAYS_SEARCH_USER_PATHS = NO;
				ASSETCATALOG_COMPILER_GENERATE_SWIFT_ASSET_SYMBOL_EXTENSIONS = YES;
				CLANG_ANALYZER_NONNULL = YES;
				CLANG_ANALYZER_NUMBER_OBJECT_CONVERSION = YES_AGGRESSIVE;
				CLANG_CXX_LANGUAGE_STANDARD = "gnu++20";
				CLANG_ENABLE_MODULES = YES;
				CLANG_ENABLE_OBJC_ARC = YES;
				CLANG_ENABLE_OBJC_WEAK = YES;
				CLANG_WARN_BLOCK_CAPTURE_AUTORELEASING = YES;
				CLANG_WARN_BOOL_CONVERSION = YES;
				CLANG_WARN_COMMA = YES;
				CLANG_WARN_CONSTANT_CONVERSION = YES;
				CLANG_WARN_DEPRECATED_OBJC_IMPLEMENTATIONS = YES;
				CLANG_WARN_DIRECT_OBJC_ISA_USAGE = YES_ERROR;
				CLANG_WARN_DOCUMENTATION_COMMENTS = YES;
				CLANG_WARN_EMPTY_BODY = YES;
				CLANG_WARN_ENUM_CONVERSION = YES;
				CLANG_WARN_INFINITE_RECURSION = YES;
				CLANG_WARN_INT_CONVERSION = YES;
				CLANG_WARN_NON_LITERAL_NULL_CONVERSION = YES;
				CLANG_WARN_OBJC_IMPLICIT_RETAIN_SELF = YES;
				CLANG_WARN_OBJC_LITERAL_CONVERSION = YES;
				CLANG_WARN_OBJC_ROOT_CLASS = YES_ERROR;
				CLANG_WARN_QUOTED_INCLUDE_IN_FRAMEWORK_HEADER = YES;
				CLANG_WARN_RANGE_LOOP_ANALYSIS = YES;
				CLANG_WARN_STRICT_PROTOTYPES = YES;
				CLANG_WARN_SUSPICIOUS_MOVE = YES;
				CLANG_WARN_UNGUARDED_AVAILABILITY = YES_AGGRESSIVE;
				CLANG_WARN_UNREACHABLE_CODE = YES;
				CLANG_WARN__DUPLICATE_METHOD_MATCH = YES;
				COPY_PHASE_STRIP = NO;
				DEBUG_INFORMATION_FORMAT = dwarf;
				ENABLE_STRICT_OBJC_MSGSEND = YES;
				ENABLE_TESTABILITY = YES;
				ENABLE_USER_SCRIPT_SANDBOXING = YES;
				GCC_C_LANGUAGE_STANDARD = gnu17;
				GCC_DYNAMIC_NO_PIC = NO;
				GCC_NO_COMMON_BLOCKS = YES;
				GCC_OPTIMIZATION_LEVEL = 0;
				GCC_PREPROCESSOR_DEFINITIONS = (
					"DEBUG=1",
					"$(inherited)",
				);
				GCC_WARN_64_TO_32_BIT_CONVERSION = YES;
				GCC_WARN_ABOUT_RETURN_TYPE = YES_ERROR;
				GCC_WARN_UNDECLARED_SELECTOR = YES;
				GCC_WARN_UNINITIALIZED_AUTOS = YES_AGGRESSIVE;
				GCC_WARN_UNUSED_FUNCTION = YES;
				GCC_WARN_UNUSED_VARIABLE = YES;
				IPHONEOS_DEPLOYMENT_TARGET = 17.0;
				LOCALIZATION_PREFERS_STRING_CATALOGS = YES;
				MTL_ENABLE_DEBUG_INFO = INCLUDE_SOURCE;
				MTL_FAST_MATH = YES;
				ONLY_ACTIVE_ARCH = YES;
				SDKROOT = iphoneos;
				SWIFT_ACTIVE_COMPILATION_CONDITIONS = "DEBUG $(inherited)";
				SWIFT_OPTIMIZATION_LEVEL = "-Onone";
			};
			name = Debug;
		};
		8709A0842B236C75002C258E /* Release */ = {
			isa = XCBuildConfiguration;
			buildSettings = {
				ALWAYS_SEARCH_USER_PATHS = NO;
				ASSETCATALOG_COMPILER_GENERATE_SWIFT_ASSET_SYMBOL_EXTENSIONS = YES;
				CLANG_ANALYZER_NONNULL = YES;
				CLANG_ANALYZER_NUMBER_OBJECT_CONVERSION = YES_AGGRESSIVE;
				CLANG_CXX_LANGUAGE_STANDARD = "gnu++20";
				CLANG_ENABLE_MODULES = YES;
				CLANG_ENABLE_OBJC_ARC = YES;
				CLANG_ENABLE_OBJC_WEAK = YES;
				CLANG_WARN_BLOCK_CAPTURE_AUTORELEASING = YES;
				CLANG_WARN_BOOL_CONVERSION = YES;
				CLANG_WARN_COMMA = YES;
				CLANG_WARN_CONSTANT_CONVERSION = YES;
				CLANG_WARN_DEPRECATED_OBJC_IMPLEMENTATIONS = YES;
				CLANG_WARN_DIRECT_OBJC_ISA_USAGE = YES_ERROR;
				CLANG_WARN_DOCUMENTATION_COMMENTS = YES;
				CLANG_WARN_EMPTY_BODY = YES;
				CLANG_WARN_ENUM_CONVERSION = YES;
				CLANG_WARN_INFINITE_RECURSION = YES;
				CLANG_WARN_INT_CONVERSION = YES;
				CLANG_WARN_NON_LITERAL_NULL_CONVERSION = YES;
				CLANG_WARN_OBJC_IMPLICIT_RETAIN_SELF = YES;
				CLANG_WARN_OBJC_LITERAL_CONVERSION = YES;
				CLANG_WARN_OBJC_ROOT_CLASS = YES_ERROR;
				CLANG_WARN_QUOTED_INCLUDE_IN_FRAMEWORK_HEADER = YES;
				CLANG_WARN_RANGE_LOOP_ANALYSIS = YES;
				CLANG_WARN_STRICT_PROTOTYPES = YES;
				CLANG_WARN_SUSPICIOUS_MOVE = YES;
				CLANG_WARN_UNGUARDED_AVAILABILITY = YES_AGGRESSIVE;
				CLANG_WARN_UNREACHABLE_CODE = YES;
				CLANG_WARN__DUPLICATE_METHOD_MATCH = YES;
				COPY_PHASE_STRIP = NO;
				DEBUG_INFORMATION_FORMAT = "dwarf-with-dsym";
				ENABLE_NS_ASSERTIONS = NO;
				ENABLE_STRICT_OBJC_MSGSEND = YES;
				ENABLE_USER_SCRIPT_SANDBOXING = YES;
				GCC_C_LANGUAGE_STANDARD = gnu17;
				GCC_NO_COMMON_BLOCKS = YES;
				GCC_WARN_64_TO_32_BIT_CONVERSION = YES;
				GCC_WARN_ABOUT_RETURN_TYPE = YES_ERROR;
				GCC_WARN_UNDECLARED_SELECTOR = YES;
				GCC_WARN_UNINITIALIZED_AUTOS = YES_AGGRESSIVE;
				GCC_WARN_UNUSED_FUNCTION = YES;
				GCC_WARN_UNUSED_VARIABLE = YES;
				IPHONEOS_DEPLOYMENT_TARGET = 17.0;
				LOCALIZATION_PREFERS_STRING_CATALOGS = YES;
				MTL_ENABLE_DEBUG_INFO = NO;
				MTL_FAST_MATH = YES;
				SDKROOT = iphoneos;
				SWIFT_COMPILATION_MODE = wholemodule;
				VALIDATE_PRODUCT = YES;
			};
			name = Release;
		};
		8709A0862B236C75002C258E /* Debug */ = {
			isa = XCBuildConfiguration;
			buildSettings = {
				ASSETCATALOG_COMPILER_APPICON_NAME = AppIcon;
				ASSETCATALOG_COMPILER_GLOBAL_ACCENT_COLOR_NAME = AccentColor;
				CODE_SIGN_STYLE = Automatic;
				CURRENT_PROJECT_VERSION = 1;
				DEVELOPMENT_TEAM = KMMD247NN3;
				GENERATE_INFOPLIST_FILE = YES;
				INFOPLIST_FILE = DeusVino/Info.plist;
				INFOPLIST_KEY_UIApplicationSupportsIndirectInputEvents = YES;
				INFOPLIST_KEY_UILaunchStoryboardName = LaunchScreen;
				INFOPLIST_KEY_UIMainStoryboardFile = Main;
				INFOPLIST_KEY_UISupportedInterfaceOrientations_iPad = "UIInterfaceOrientationPortrait UIInterfaceOrientationPortraitUpsideDown UIInterfaceOrientationLandscapeLeft UIInterfaceOrientationLandscapeRight";
				INFOPLIST_KEY_UISupportedInterfaceOrientations_iPhone = "UIInterfaceOrientationPortrait UIInterfaceOrientationLandscapeLeft UIInterfaceOrientationLandscapeRight";
				LD_RUNPATH_SEARCH_PATHS = (
					"$(inherited)",
					"@executable_path/Frameworks",
				);
				MARKETING_VERSION = 1.0;
				PRODUCT_BUNDLE_IDENTIFIER = com.elodiegage.DeusVino;
				PRODUCT_NAME = "$(TARGET_NAME)";
				SWIFT_EMIT_LOC_STRINGS = YES;
				SWIFT_VERSION = 5.0;
				TARGETED_DEVICE_FAMILY = "1,2";
			};
			name = Debug;
		};
		8709A0872B236C75002C258E /* Release */ = {
			isa = XCBuildConfiguration;
			buildSettings = {
				ASSETCATALOG_COMPILER_APPICON_NAME = AppIcon;
				ASSETCATALOG_COMPILER_GLOBAL_ACCENT_COLOR_NAME = AccentColor;
				CODE_SIGN_STYLE = Automatic;
				CURRENT_PROJECT_VERSION = 1;
				DEVELOPMENT_TEAM = KMMD247NN3;
				GENERATE_INFOPLIST_FILE = YES;
				INFOPLIST_FILE = DeusVino/Info.plist;
				INFOPLIST_KEY_UIApplicationSupportsIndirectInputEvents = YES;
				INFOPLIST_KEY_UILaunchStoryboardName = LaunchScreen;
				INFOPLIST_KEY_UIMainStoryboardFile = Main;
				INFOPLIST_KEY_UISupportedInterfaceOrientations_iPad = "UIInterfaceOrientationPortrait UIInterfaceOrientationPortraitUpsideDown UIInterfaceOrientationLandscapeLeft UIInterfaceOrientationLandscapeRight";
				INFOPLIST_KEY_UISupportedInterfaceOrientations_iPhone = "UIInterfaceOrientationPortrait UIInterfaceOrientationLandscapeLeft UIInterfaceOrientationLandscapeRight";
				LD_RUNPATH_SEARCH_PATHS = (
					"$(inherited)",
					"@executable_path/Frameworks",
				);
				MARKETING_VERSION = 1.0;
				PRODUCT_BUNDLE_IDENTIFIER = com.elodiegage.DeusVino;
				PRODUCT_NAME = "$(TARGET_NAME)";
				SWIFT_EMIT_LOC_STRINGS = YES;
				SWIFT_VERSION = 5.0;
				TARGETED_DEVICE_FAMILY = "1,2";
			};
			name = Release;
		};
		8709A0892B236C75002C258E /* Debug */ = {
			isa = XCBuildConfiguration;
			buildSettings = {
				ALWAYS_EMBED_SWIFT_STANDARD_LIBRARIES = YES;
				BUNDLE_LOADER = "$(TEST_HOST)";
				CODE_SIGN_STYLE = Automatic;
				CURRENT_PROJECT_VERSION = 1;
				DEVELOPMENT_TEAM = KMMD247NN3;
				GENERATE_INFOPLIST_FILE = YES;
				IPHONEOS_DEPLOYMENT_TARGET = 17.0;
				MARKETING_VERSION = 1.0;
				PRODUCT_BUNDLE_IDENTIFIER = com.elodiegage.DeusVinoTests;
				PRODUCT_NAME = "$(TARGET_NAME)";
				SWIFT_EMIT_LOC_STRINGS = NO;
				SWIFT_VERSION = 5.0;
				TARGETED_DEVICE_FAMILY = "1,2";
				TEST_HOST = "$(BUILT_PRODUCTS_DIR)/DeusVino.app/$(BUNDLE_EXECUTABLE_FOLDER_PATH)/DeusVino";
			};
			name = Debug;
		};
		8709A08A2B236C75002C258E /* Release */ = {
			isa = XCBuildConfiguration;
			buildSettings = {
				ALWAYS_EMBED_SWIFT_STANDARD_LIBRARIES = YES;
				BUNDLE_LOADER = "$(TEST_HOST)";
				CODE_SIGN_STYLE = Automatic;
				CURRENT_PROJECT_VERSION = 1;
				DEVELOPMENT_TEAM = KMMD247NN3;
				GENERATE_INFOPLIST_FILE = YES;
				IPHONEOS_DEPLOYMENT_TARGET = 17.0;
				MARKETING_VERSION = 1.0;
				PRODUCT_BUNDLE_IDENTIFIER = com.elodiegage.DeusVinoTests;
				PRODUCT_NAME = "$(TARGET_NAME)";
				SWIFT_EMIT_LOC_STRINGS = NO;
				SWIFT_VERSION = 5.0;
				TARGETED_DEVICE_FAMILY = "1,2";
				TEST_HOST = "$(BUILT_PRODUCTS_DIR)/DeusVino.app/$(BUNDLE_EXECUTABLE_FOLDER_PATH)/DeusVino";
			};
			name = Release;
		};
		8709A08C2B236C75002C258E /* Debug */ = {
			isa = XCBuildConfiguration;
			buildSettings = {
				ALWAYS_EMBED_SWIFT_STANDARD_LIBRARIES = YES;
				CODE_SIGN_STYLE = Automatic;
				CURRENT_PROJECT_VERSION = 1;
				DEVELOPMENT_TEAM = KMMD247NN3;
				GENERATE_INFOPLIST_FILE = YES;
				MARKETING_VERSION = 1.0;
				PRODUCT_BUNDLE_IDENTIFIER = com.elodiegage.DeusVinoUITests;
				PRODUCT_NAME = "$(TARGET_NAME)";
				SWIFT_EMIT_LOC_STRINGS = NO;
				SWIFT_VERSION = 5.0;
				TARGETED_DEVICE_FAMILY = "1,2";
				TEST_TARGET_NAME = DeusVino;
			};
			name = Debug;
		};
		8709A08D2B236C75002C258E /* Release */ = {
			isa = XCBuildConfiguration;
			buildSettings = {
				ALWAYS_EMBED_SWIFT_STANDARD_LIBRARIES = YES;
				CODE_SIGN_STYLE = Automatic;
				CURRENT_PROJECT_VERSION = 1;
				DEVELOPMENT_TEAM = KMMD247NN3;
				GENERATE_INFOPLIST_FILE = YES;
				MARKETING_VERSION = 1.0;
				PRODUCT_BUNDLE_IDENTIFIER = com.elodiegage.DeusVinoUITests;
				PRODUCT_NAME = "$(TARGET_NAME)";
				SWIFT_EMIT_LOC_STRINGS = NO;
				SWIFT_VERSION = 5.0;
				TARGETED_DEVICE_FAMILY = "1,2";
				TEST_TARGET_NAME = DeusVino;
			};
			name = Release;
		};
/* End XCBuildConfiguration section */

/* Begin XCConfigurationList section */
		8709A0532B236C72002C258E /* Build configuration list for PBXProject "DeusVino" */ = {
			isa = XCConfigurationList;
			buildConfigurations = (
				8709A0832B236C75002C258E /* Debug */,
				8709A0842B236C75002C258E /* Release */,
			);
			defaultConfigurationIsVisible = 0;
			defaultConfigurationName = Release;
		};
		8709A0852B236C75002C258E /* Build configuration list for PBXNativeTarget "DeusVino" */ = {
			isa = XCConfigurationList;
			buildConfigurations = (
				8709A0862B236C75002C258E /* Debug */,
				8709A0872B236C75002C258E /* Release */,
			);
			defaultConfigurationIsVisible = 0;
			defaultConfigurationName = Release;
		};
		8709A0882B236C75002C258E /* Build configuration list for PBXNativeTarget "DeusVinoTests" */ = {
			isa = XCConfigurationList;
			buildConfigurations = (
				8709A0892B236C75002C258E /* Debug */,
				8709A08A2B236C75002C258E /* Release */,
			);
			defaultConfigurationIsVisible = 0;
			defaultConfigurationName = Release;
		};
		8709A08B2B236C75002C258E /* Build configuration list for PBXNativeTarget "DeusVinoUITests" */ = {
			isa = XCConfigurationList;
			buildConfigurations = (
				8709A08C2B236C75002C258E /* Debug */,
				8709A08D2B236C75002C258E /* Release */,
			);
			defaultConfigurationIsVisible = 0;
			defaultConfigurationName = Release;
		};
/* End XCConfigurationList section */

/* Begin XCVersionGroup section */
		8709A0642B236C72002C258E /* DeusVino.xcdatamodeld */ = {
			isa = XCVersionGroup;
			children = (
				8709A0652B236C72002C258E /* DeusVino.xcdatamodel */,
			);
			currentVersion = 8709A0652B236C72002C258E /* DeusVino.xcdatamodel */;
			path = DeusVino.xcdatamodeld;
			sourceTree = "<group>";
			versionGroupType = wrapper.xcdatamodel;
		};
/* End XCVersionGroup section */
	};
	rootObject = 8709A0502B236C72002C258E /* Project object */;
}
